{
    "name": "@etcpack/commonjs-plug",
    "version": "0.2.0",
    "lockfileVersion": 2,
    "requires": true,
    "packages": {
        "": {
            "name": "@etcpack/commonjs-plug",
            "version": "0.2.0",
            "license": "MIT",
            "dependencies": {
                "@hai2007/tool": "^1.0.0"
            }
        },
        "node_modules/@hai2007/tool": {
            "version": "1.0.0",
            "resolved": "https://registry.npmjs.org/@hai2007/tool/-/tool-1.0.0.tgz",
            "integrity": "sha512-Ls3rzkjFlKFfTgwWjbtXYtgBCCuRUSdn1qummhl6RC2C9Isnm2zgFbCtu3OnnE2s8sRRYJwiSxB8d1boGUjaBw=="
        }
    },
    "dependencies": {
        "@hai2007/tool": {
            "version": "1.0.0",
            "resolved": "https://registry.npmjs.org/@hai2007/tool/-/tool-1.0.0.tgz",
            "integrity": "sha512-Ls3rzkjFlKFfTgwWjbtXYtgBCCuRUSdn1qummhl6RC2C9Isnm2zgFbCtu3OnnE2s8sRRYJwiSxB8d1boGUjaBw=="
        }
    }
}
